
Microsoft Visual Studio Solution File, Format Version 12.00
# Visual Studio 15
VisualStudioVersion = 15.0.27004.2005
MinimumVisualStudioVersion = 10.0.40219.1
Project("{FAE04EC0-301F-11D3-BF4B-00C04F79EFBC}") = "GraphicEditor", "GraphicEditor.csproj", "{A848851C-1440-455E-A45E-F5CF0B900DDB}"
EndProject
Global
	GlobalSection(SolutionConfigurationPlatforms) = preSolution
		Debug|Any CPU = Debug|Any CPU
		Release|Any CPU = Release|Any CPU
	EndGlobalSection
	GlobalSection(ProjectConfigurationPlatforms) = postSolution
		{A848851C-1440-455E-A45E-F5CF0B900DDB}.Debug|Any CPU.ActiveCfg = Debug|Any CPU
		{A848851C-1440-455E-A45E-F5CF0B900DDB}.Debug|Any CPU.Build.0 = Debug|Any CPU
		{A848851C-1440-455E-A45E-F5CF0B900DDB}.Release|Any CPU.ActiveCfg = Release|Any CPU
		{A848851C-1440-455E-A45E-F5CF0B900DDB}.Release|Any CPU.Build.0 = Release|Any CPU
	EndGlobalSection
	GlobalSection(SolutionProperties) = preSolution
		HideSolutionNode = FALSE
	EndGlobalSection
	GlobalSection(ExtensibilityGlobals) = postSolution
		SolutionGuid = {DD80CD00-BD96-4D10-8B4D-DB81CD6670F2}
	EndGlobalSection
EndGlobal
